// !$*UTF8*$!
{
	archiveVersion = 1;
	classes = {
	};
	objectVersion = 56;
	objects = {

/* Begin PBXBuildFile section */
		912D49792C226B550023339A /* GradientButtonStyle.swift in Sources */ = {isa = PBXBuildFile; fileRef = 912D49782C226B550023339A /* GradientButtonStyle.swift */; };
		914C3B9D2C1F89BA00515886 /* HikeeApp.swift in Sources */ = {isa = PBXBuildFile; fileRef = 914C3B9C2C1F89BA00515886 /* HikeeApp.swift */; };
		914C3B9F2C1F89BA00515886 /* ContentView.swift in Sources */ = {isa = PBXBuildFile; fileRef = 914C3B9E2C1F89BA00515886 /* ContentView.swift */; };
		914C3BA12C1F89BC00515886 /* Assets.xcassets in Resources */ = {isa = PBXBuildFile; fileRef = 914C3BA02C1F89BC00515886 /* Assets.xcassets */; };
		914C3BA42C1F89BC00515886 /* Preview Assets.xcassets in Resources */ = {isa = PBXBuildFile; fileRef = 914C3BA32C1F89BC00515886 /* Preview Assets.xcassets */; };
		914C3BAB2C1FBF5200515886 /* CardView.swift in Sources */ = {isa = PBXBuildFile; fileRef = 914C3BAA2C1FBF5200515886 /* CardView.swift */; };
		914C3BAE2C1FC1EB00515886 /* CustomBackgroundView.swift in Sources */ = {isa = PBXBuildFile; fileRef = 914C3BAD2C1FC1EB00515886 /* CustomBackgroundView.swift */; };
		914C3BB12C1FC51600515886 /* ColorExtension.swift in Sources */ = {isa = PBXBuildFile; fileRef = 914C3BB02C1FC51600515886 /* ColorExtension.swift */; };
		914C3BB32C1FCB7800515886 /* CustomButtonView.swift in Sources */ = {isa = PBXBuildFile; fileRef = 914C3BB22C1FCB7800515886 /* CustomButtonView.swift */; };
		915219092C26722E002BE09E /* SettingsView.swift in Sources */ = {isa = PBXBuildFile; fileRef = 915219082C26722E002BE09E /* SettingsView.swift */; };
		9152190B2C27ABB1002BE09E /* CustomListRowView.swift in Sources */ = {isa = PBXBuildFile; fileRef = 9152190A2C27ABB1002BE09E /* CustomListRowView.swift */; };
		9193A2EA2C23B93C003A4340 /* CustomCircleView.swift in Sources */ = {isa = PBXBuildFile; fileRef = 9193A2E92C23B93C003A4340 /* CustomCircleView.swift */; };
		9193A2EC2C23BB9F003A4340 /* MotionAnimationView.swift in Sources */ = {isa = PBXBuildFile; fileRef = 9193A2EB2C23BB9F003A4340 /* MotionAnimationView.swift */; };
/* End PBXBuildFile section */

/* Begin PBXFileReference section */
		912D49782C226B550023339A /* GradientButtonStyle.swift */ = {isa = PBXFileReference; lastKnownFileType = sourcecode.swift; path = GradientButtonStyle.swift; sourceTree = "<group>"; };
		914C3B992C1F89BA00515886 /* Hikee.app */ = {isa = PBXFileReference; explicitFileType = wrapper.application; includeInIndex = 0; path = Hikee.app; sourceTree = BUILT_PRODUCTS_DIR; };
		914C3B9C2C1F89BA00515886 /* HikeeApp.swift */ = {isa = PBXFileReference; lastKnownFileType = sourcecode.swift; path = HikeeApp.swift; sourceTree = "<group>"; };
		914C3B9E2C1F89BA00515886 /* ContentView.swift */ = {isa = PBXFileReference; lastKnownFileType = sourcecode.swift; path = ContentView.swift; sourceTree = "<group>"; };
		914C3BA02C1F89BC00515886 /* Assets.xcassets */ = {isa = PBXFileReference; lastKnownFileType = folder.assetcatalog; path = Assets.xcassets; sourceTree = "<group>"; };
		914C3BA32C1F89BC00515886 /* Preview Assets.xcassets */ = {isa = PBXFileReference; lastKnownFileType = folder.assetcatalog; path = "Preview Assets.xcassets"; sourceTree = "<group>"; };
		914C3BAA2C1FBF5200515886 /* CardView.swift */ = {isa = PBXFileReference; lastKnownFileType = sourcecode.swift; path = CardView.swift; sourceTree = "<group>"; };
		914C3BAD2C1FC1EB00515886 /* CustomBackgroundView.swift */ = {isa = PBXFileReference; lastKnownFileType = sourcecode.swift; path = CustomBackgroundView.swift; sourceTree = "<group>"; };
		914C3BB02C1FC51600515886 /* ColorExtension.swift */ = {isa = PBXFileReference; lastKnownFileType = sourcecode.swift; path = ColorExtension.swift; sourceTree = "<group>"; };
		914C3BB22C1FCB7800515886 /* CustomButtonView.swift */ = {isa = PBXFileReference; lastKnownFileType = sourcecode.swift; path = CustomButtonView.swift; sourceTree = "<group>"; };
		915219082C26722E002BE09E /* SettingsView.swift */ = {isa = PBXFileReference; lastKnownFileType = sourcecode.swift; path = SettingsView.swift; sourceTree = "<group>"; };
		9152190A2C27ABB1002BE09E /* CustomListRowView.swift */ = {isa = PBXFileReference; lastKnownFileType = sourcecode.swift; path = CustomListRowView.swift; sourceTree = "<group>"; };
		9193A2E92C23B93C003A4340 /* CustomCircleView.swift */ = {isa = PBXFileReference; lastKnownFileType = sourcecode.swift; path = CustomCircleView.swift; sourceTree = "<group>"; };
		9193A2EB2C23BB9F003A4340 /* MotionAnimationView.swift */ = {isa = PBXFileReference; lastKnownFileType = sourcecode.swift; path = MotionAnimationView.swift; sourceTree = "<group>"; };
/* End PBXFileReference section */

/* Begin PBXFrameworksBuildPhase section */
		914C3B962C1F89BA00515886 /* Frameworks */ = {
			isa = PBXFrameworksBuildPhase;
			buildActionMask = 2147483647;
			files = (
			);
			runOnlyForDeploymentPostprocessing = 0;
		};
/* End PBXFrameworksBuildPhase section */

/* Begin PBXGroup section */
		914C3B902C1F89BA00515886 = {
			isa = PBXGroup;
			children = (
				914C3B9B2C1F89BA00515886 /* Hikee */,
				914C3B9A2C1F89BA00515886 /* Products */,
			);
			sourceTree = "<group>";
		};
		914C3B9A2C1F89BA00515886 /* Products */ = {
			isa = PBXGroup;
			children = (
				914C3B992C1F89BA00515886 /* Hikee.app */,
			);
			name = Products;
			sourceTree = "<group>";
		};
		914C3B9B2C1F89BA00515886 /* Hikee */ = {
			isa = PBXGroup;
			children = (
				914C3BAC2C1FC1C500515886 /* Component */,
				914C3BAF2C1FC4A200515886 /* Utility */,
				914C3BA22C1F89BC00515886 /* Preview Content */,
				914C3B9C2C1F89BA00515886 /* HikeeApp.swift */,
				915219072C2671FB002BE09E /* Screen */,
				914C3BA02C1F89BC00515886 /* Assets.xcassets */,
			);
			path = Hikee;
			sourceTree = "<group>";
		};
		914C3BA22C1F89BC00515886 /* Preview Content */ = {
			isa = PBXGroup;
			children = (
				914C3BA32C1F89BC00515886 /* Preview Assets.xcassets */,
			);
			path = "Preview Content";
			sourceTree = "<group>";
		};
		914C3BAC2C1FC1C500515886 /* Component */ = {
			isa = PBXGroup;
			children = (
				914C3BAA2C1FBF5200515886 /* CardView.swift */,
				914C3BAD2C1FC1EB00515886 /* CustomBackgroundView.swift */,
				914C3BB22C1FCB7800515886 /* CustomButtonView.swift */,
				9193A2E92C23B93C003A4340 /* CustomCircleView.swift */,
				9193A2EB2C23BB9F003A4340 /* MotionAnimationView.swift */,
				9152190A2C27ABB1002BE09E /* CustomListRowView.swift */,
			);
			path = Component;
			sourceTree = "<group>";
		};
		914C3BAF2C1FC4A200515886 /* Utility */ = {
			isa = PBXGroup;
			children = (
				914C3BB02C1FC51600515886 /* ColorExtension.swift */,
				912D49782C226B550023339A /* GradientButtonStyle.swift */,
			);
			path = Utility;
			sourceTree = "<group>";
		};
		915219072C2671FB002BE09E /* Screen */ = {
			isa = PBXGroup;
			children = (
				914C3B9E2C1F89BA00515886 /* ContentView.swift */,
				915219082C26722E002BE09E /* SettingsView.swift */,
			);
			path = Screen;
			sourceTree = "<group>";
		};
/* End PBXGroup section */

/* Begin PBXNativeTarget section */
		914C3B982C1F89BA00515886 /* Hikee */ = {
			isa = PBXNativeTarget;
			buildConfigurationList = 914C3BA72C1F89BC00515886 /* Build configuration list for PBXNativeTarget "Hikee" */;
			buildPhases = (
				914C3B952C1F89BA00515886 /* Sources */,
				914C3B962C1F89BA00515886 /* Frameworks */,
				914C3B972C1F89BA00515886 /* Resources */,
			);
			buildRules = (
			);
			dependencies = (
			);
			name = Hikee;
			productName = Hikee;
			productReference = 914C3B992C1F89BA00515886 /* Hikee.app */;
			productType = "com.apple.product-type.application";
		};
/* End PBXNativeTarget section */

/* Begin PBXProject section */
		914C3B912C1F89BA00515886 /* Project object */ = {
			isa = PBXProject;
			attributes = {
				BuildIndependentTargetsInParallel = 1;
				LastSwiftUpdateCheck = 1540;
				LastUpgradeCheck = 1540;
				TargetAttributes = {
					914C3B982C1F89BA00515886 = {
						CreatedOnToolsVersion = 15.4;
					};
				};
			};
			buildConfigurationList = 914C3B942C1F89BA00515886 /* Build configuration list for PBXProject "Hikee" */;
			compatibilityVersion = "Xcode 14.0";
			developmentRegion = en;
			hasScannedForEncodings = 0;
			knownRegions = (
				en,
				Base,
			);
			mainGroup = 914C3B902C1F89BA00515886;
			productRefGroup = 914C3B9A2C1F89BA00515886 /* Products */;
			projectDirPath = "";
			projectRoot = "";
			targets = (
				914C3B982C1F89BA00515886 /* Hikee */,
			);
		};
/* End PBXProject section */

/* Begin PBXResourcesBuildPhase section */
		914C3B972C1F89BA00515886 /* Resources */ = {
			isa = PBXResourcesBuildPhase;
			buildActionMask = 2147483647;
			files = (
				914C3BA42C1F89BC00515886 /* Preview Assets.xcassets in Resources */,
				914C3BA12C1F89BC00515886 /* Assets.xcassets in Resources */,
			);
			runOnlyForDeploymentPostprocessing = 0;
		};
/* End PBXResourcesBuildPhase section */

/* Begin PBXSourcesBuildPhase section */
		914C3B952C1F89BA00515886 /* Sources */ = {
			isa = PBXSourcesBuildPhase;
			buildActionMask = 2147483647;
			files = (
				914C3B9F2C1F89BA00515886 /* ContentView.swift in Sources */,
				9193A2EA2C23B93C003A4340 /* CustomCircleView.swift in Sources */,
				9152190B2C27ABB1002BE09E /* CustomListRowView.swift in Sources */,
				914C3BAB2C1FBF5200515886 /* CardView.swift in Sources */,
				914C3B9D2C1F89BA00515886 /* HikeeApp.swift in Sources */,
				914C3BB32C1FCB7800515886 /* CustomButtonView.swift in Sources */,
				915219092C26722E002BE09E /* SettingsView.swift in Sources */,
				912D49792C226B550023339A /* GradientButtonStyle.swift in Sources */,
				9193A2EC2C23BB9F003A4340 /* MotionAnimationView.swift in Sources */,
				914C3BAE2C1FC1EB00515886 /* CustomBackgroundView.swift in Sources */,
				914C3BB12C1FC51600515886 /* ColorExtension.swift in Sources */,
			);
			runOnlyForDeploymentPostprocessing = 0;
		};
/* End PBXSourcesBuildPhase section */

/* Begin XCBuildConfiguration section */
		914C3BA52C1F89BC00515886 /* Debug */ = {
			isa = XCBuildConfiguration;
			buildSettings = {
				ALWAYS_SEARCH_USER_PATHS = NO;
				ASSETCATALOG_COMPILER_GENERATE_SWIFT_ASSET_SYMBOL_EXTENSIONS = YES;
				CLANG_ANALYZER_NONNULL = YES;
				CLANG_ANALYZER_NUMBER_OBJECT_CONVERSION = YES_AGGRESSIVE;
				CLANG_CXX_LANGUAGE_STANDARD = "gnu++20";
				CLANG_ENABLE_MODULES = YES;
				CLANG_ENABLE_OBJC_ARC = YES;
				CLANG_ENABLE_OBJC_WEAK = YES;
				CLANG_WARN_BLOCK_CAPTURE_AUTORELEASING = YES;
				CLANG_WARN_BOOL_CONVERSION = YES;
				CLANG_WARN_COMMA = YES;
				CLANG_WARN_CONSTANT_CONVERSION = YES;
				CLANG_WARN_DEPRECATED_OBJC_IMPLEMENTATIONS = YES;
				CLANG_WARN_DIRECT_OBJC_ISA_USAGE = YES_ERROR;
				CLANG_WARN_DOCUMENTATION_COMMENTS = YES;
				CLANG_WARN_EMPTY_BODY = YES;
				CLANG_WARN_ENUM_CONVERSION = YES;
				CLANG_WARN_INFINITE_RECURSION = YES;
				CLANG_WARN_INT_CONVERSION = YES;
				CLANG_WARN_NON_LITERAL_NULL_CONVERSION = YES;
				CLANG_WARN_OBJC_IMPLICIT_RETAIN_SELF = YES;
				CLANG_WARN_OBJC_LITERAL_CONVERSION = YES;
				CLANG_WARN_OBJC_ROOT_CLASS = YES_ERROR;
				CLANG_WARN_QUOTED_INCLUDE_IN_FRAMEWORK_HEADER = YES;
				CLANG_WARN_RANGE_LOOP_ANALYSIS = YES;
				CLANG_WARN_STRICT_PROTOTYPES = YES;
				CLANG_WARN_SUSPICIOUS_MOVE = YES;
				CLANG_WARN_UNGUARDED_AVAILABILITY = YES_AGGRESSIVE;
				CLANG_WARN_UNREACHABLE_CODE = YES;
				CLANG_WARN__DUPLICATE_METHOD_MATCH = YES;
				COPY_PHASE_STRIP = NO;
				DEBUG_INFORMATION_FORMAT = dwarf;
				ENABLE_STRICT_OBJC_MSGSEND = YES;
				ENABLE_TESTABILITY = YES;
				ENABLE_USER_SCRIPT_SANDBOXING = YES;
				GCC_C_LANGUAGE_STANDARD = gnu17;
				GCC_DYNAMIC_NO_PIC = NO;
				GCC_NO_COMMON_BLOCKS = YES;
				GCC_OPTIMIZATION_LEVEL = 0;
				GCC_PREPROCESSOR_DEFINITIONS = (
					"DEBUG=1",
					"$(inherited)",
				);
				GCC_WARN_64_TO_32_BIT_CONVERSION = YES;
				GCC_WARN_ABOUT_RETURN_TYPE = YES_ERROR;
				GCC_WARN_UNDECLARED_SELECTOR = YES;
				GCC_WARN_UNINITIALIZED_AUTOS = YES_AGGRESSIVE;
				GCC_WARN_UNUSED_FUNCTION = YES;
				GCC_WARN_UNUSED_VARIABLE = YES;
				IPHONEOS_DEPLOYMENT_TARGET = 17.5;
				LOCALIZATION_PREFERS_STRING_CATALOGS = YES;
				MTL_ENABLE_DEBUG_INFO = INCLUDE_SOURCE;
				MTL_FAST_MATH = YES;
				ONLY_ACTIVE_ARCH = YES;
				SDKROOT = iphoneos;
				SWIFT_ACTIVE_COMPILATION_CONDITIONS = "DEBUG $(inherited)";
				SWIFT_OPTIMIZATION_LEVEL = "-Onone";
			};
			name = Debug;
		};
		914C3BA62C1F89BC00515886 /* Release */ = {
			isa = XCBuildConfiguration;
			buildSettings = {
				ALWAYS_SEARCH_USER_PATHS = NO;
				ASSETCATALOG_COMPILER_GENERATE_SWIFT_ASSET_SYMBOL_EXTENSIONS = YES;
				CLANG_ANALYZER_NONNULL = YES;
				CLANG_ANALYZER_NUMBER_OBJECT_CONVERSION = YES_AGGRESSIVE;
				CLANG_CXX_LANGUAGE_STANDARD = "gnu++20";
				CLANG_ENABLE_MODULES = YES;
				CLANG_ENABLE_OBJC_ARC = YES;
				CLANG_ENABLE_OBJC_WEAK = YES;
				CLANG_WARN_BLOCK_CAPTURE_AUTORELEASING = YES;
				CLANG_WARN_BOOL_CONVERSION = YES;
				CLANG_WARN_COMMA = YES;
				CLANG_WARN_CONSTANT_CONVERSION = YES;
				CLANG_WARN_DEPRECATED_OBJC_IMPLEMENTATIONS = YES;
				CLANG_WARN_DIRECT_OBJC_ISA_USAGE = YES_ERROR;
				CLANG_WARN_DOCUMENTATION_COMMENTS = YES;
				CLANG_WARN_EMPTY_BODY = YES;
				CLANG_WARN_ENUM_CONVERSION = YES;
				CLANG_WARN_INFINITE_RECURSION = YES;
				CLANG_WARN_INT_CONVERSION = YES;
				CLANG_WARN_NON_LITERAL_NULL_CONVERSION = YES;
				CLANG_WARN_OBJC_IMPLICIT_RETAIN_SELF = YES;
				CLANG_WARN_OBJC_LITERAL_CONVERSION = YES;
				CLANG_WARN_OBJC_ROOT_CLASS = YES_ERROR;
				CLANG_WARN_QUOTED_INCLUDE_IN_FRAMEWORK_HEADER = YES;
				CLANG_WARN_RANGE_LOOP_ANALYSIS = YES;
				CLANG_WARN_STRICT_PROTOTYPES = YES;
				CLANG_WARN_SUSPICIOUS_MOVE = YES;
				CLANG_WARN_UNGUARDED_AVAILABILITY = YES_AGGRESSIVE;
				CLANG_WARN_UNREACHABLE_CODE = YES;
				CLANG_WARN__DUPLICATE_METHOD_MATCH = YES;
				COPY_PHASE_STRIP = NO;
				DEBUG_INFORMATION_FORMAT = "dwarf-with-dsym";
				ENABLE_NS_ASSERTIONS = NO;
				ENABLE_STRICT_OBJC_MSGSEND = YES;
				ENABLE_USER_SCRIPT_SANDBOXING = YES;
				GCC_C_LANGUAGE_STANDARD = gnu17;
				GCC_NO_COMMON_BLOCKS = YES;
				GCC_WARN_64_TO_32_BIT_CONVERSION = YES;
				GCC_WARN_ABOUT_RETURN_TYPE = YES_ERROR;
				GCC_WARN_UNDECLARED_SELECTOR = YES;
				GCC_WARN_UNINITIALIZED_AUTOS = YES_AGGRESSIVE;
				GCC_WARN_UNUSED_FUNCTION = YES;
				GCC_WARN_UNUSED_VARIABLE = YES;
				IPHONEOS_DEPLOYMENT_TARGET = 17.5;
				LOCALIZATION_PREFERS_STRING_CATALOGS = YES;
				MTL_ENABLE_DEBUG_INFO = NO;
				MTL_FAST_MATH = YES;
				SDKROOT = iphoneos;
				SWIFT_COMPILATION_MODE = wholemodule;
				VALIDATE_PRODUCT = YES;
			};
			name = Release;
		};
		914C3BA82C1F89BC00515886 /* Debug */ = {
			isa = XCBuildConfiguration;
			buildSettings = {
				ASSETCATALOG_COMPILER_ALTERNATE_APPICON_NAMES = "AppIcon-MagnifyingGlass AppIcon-Camera AppIcon-Mushroom AppIcon-Map AppIcon-Campfire AppIcon-Backpack";
				ASSETCATALOG_COMPILER_APPICON_NAME = AppIcon;
				ASSETCATALOG_COMPILER_GLOBAL_ACCENT_COLOR_NAME = AccentColor;
				ASSETCATALOG_COMPILER_INCLUDE_ALL_APPICON_ASSETS = YES;
				CODE_SIGN_STYLE = Automatic;
				CURRENT_PROJECT_VERSION = 1;
				DEVELOPMENT_ASSET_PATHS = "\"Hikee/Preview Content\"";
				DEVELOPMENT_TEAM = 2592A64H8A;
				ENABLE_PREVIEWS = YES;
				GENERATE_INFOPLIST_FILE = YES;
				INFOPLIST_KEY_UIApplicationSceneManifest_Generation = YES;
				INFOPLIST_KEY_UIApplicationSupportsIndirectInputEvents = YES;
				INFOPLIST_KEY_UILaunchScreen_Generation = YES;
				INFOPLIST_KEY_UISupportedInterfaceOrientations_iPad = "UIInterfaceOrientationPortrait UIInterfaceOrientationPortraitUpsideDown UIInterfaceOrientationLandscapeLeft UIInterfaceOrientationLandscapeRight";
				INFOPLIST_KEY_UISupportedInterfaceOrientations_iPhone = "UIInterfaceOrientationPortrait UIInterfaceOrientationLandscapeLeft UIInterfaceOrientationLandscapeRight";
				LD_RUNPATH_SEARCH_PATHS = (
					"$(inherited)",
					"@executable_path/Frameworks",
				);
				MARKETING_VERSION = 1.0;
				PRODUCT_BUNDLE_IDENTIFIER = co.douglassilva.Hikee;
				PRODUCT_NAME = "$(TARGET_NAME)";
				SWIFT_EMIT_LOC_STRINGS = YES;
				SWIFT_VERSION = 5.0;
				TARGETED_DEVICE_FAMILY = "1,2";
			};
			name = Debug;
		};
		914C3BA92C1F89BC00515886 /* Release */ = {
			isa = XCBuildConfiguration;
			buildSettings = {
				ASSETCATALOG_COMPILER_ALTERNATE_APPICON_NAMES = "AppIcon-MagnifyingGlass AppIcon-Camera AppIcon-Mushroom AppIcon-Map AppIcon-Campfire AppIcon-Backpack";
				ASSETCATALOG_COMPILER_APPICON_NAME = AppIcon;
				ASSETCATALOG_COMPILER_GLOBAL_ACCENT_COLOR_NAME = AccentColor;
				ASSETCATALOG_COMPILER_INCLUDE_ALL_APPICON_ASSETS = YES;
				CODE_SIGN_STYLE = Automatic;
				CURRENT_PROJECT_VERSION = 1;
				DEVELOPMENT_ASSET_PATHS = "\"Hikee/Preview Content\"";
				DEVELOPMENT_TEAM = 2592A64H8A;
				ENABLE_PREVIEWS = YES;
				GENERATE_INFOPLIST_FILE = YES;
				INFOPLIST_KEY_UIApplicationSceneManifest_Generation = YES;
				INFOPLIST_KEY_UIApplicationSupportsIndirectInputEvents = YES;
				INFOPLIST_KEY_UILaunchScreen_Generation = YES;
				INFOPLIST_KEY_UISupportedInterfaceOrientations_iPad = "UIInterfaceOrientationPortrait UIInterfaceOrientationPortraitUpsideDown UIInterfaceOrientationLandscapeLeft UIInterfaceOrientationLandscapeRight";
				INFOPLIST_KEY_UISupportedInterfaceOrientations_iPhone = "UIInterfaceOrientationPortrait UIInterfaceOrientationLandscapeLeft UIInterfaceOrientationLandscapeRight";
				LD_RUNPATH_SEARCH_PATHS = (
					"$(inherited)",
					"@executable_path/Frameworks",
				);
				MARKETING_VERSION = 1.0;
				PRODUCT_BUNDLE_IDENTIFIER = co.douglassilva.Hikee;
				PRODUCT_NAME = "$(TARGET_NAME)";
				SWIFT_EMIT_LOC_STRINGS = YES;
				SWIFT_VERSION = 5.0;
				TARGETED_DEVICE_FAMILY = "1,2";
			};
			name = Release;
		};
/* End XCBuildConfiguration section */

/* Begin XCConfigurationList section */
		914C3B942C1F89BA00515886 /* Build configuration list for PBXProject "Hikee" */ = {
			isa = XCConfigurationList;
			buildConfigurations = (
				914C3BA52C1F89BC00515886 /* Debug */,
				914C3BA62C1F89BC00515886 /* Release */,
			);
			defaultConfigurationIsVisible = 0;
			defaultConfigurationName = Release;
		};
		914C3BA72C1F89BC00515886 /* Build configuration list for PBXNativeTarget "Hikee" */ = {
			isa = XCConfigurationList;
			buildConfigurations = (
				914C3BA82C1F89BC00515886 /* Debug */,
				914C3BA92C1F89BC00515886 /* Release */,
			);
			defaultConfigurationIsVisible = 0;
			defaultConfigurationName = Release;
		};
/* End XCConfigurationList section */
	};
	rootObject = 914C3B912C1F89BA00515886 /* Project object */;
}
